
Microsoft Visual Studio Solution File, Format Version 12.00
# Visual Studio Version 17
VisualStudioVersion = 17.11.35312.102
MinimumVisualStudioVersion = 10.0.40219.1
Project("{FAE04EC0-301F-11D3-BF4B-00C04F79EFBC}") = "Consumer", "Consumer\Consumer.csproj", "{EE73865A-0AD5-4332-9CED-0BBC783E4AEF}"
EndProject
Project("{FAE04EC0-301F-11D3-BF4B-00C04F79EFBC}") = "Provider", "Provider\Provider.csproj", "{BD073B80-3788-4B33-B11C-2733C6FC25C9}"
EndProject
Global
	GlobalSection(SolutionConfigurationPlatforms) = preSolution
		Debug|Any CPU = Debug|Any CPU
		Release|Any CPU = Release|Any CPU
	EndGlobalSection
	GlobalSection(ProjectConfigurationPlatforms) = postSolution
		{EE73865A-0AD5-4332-9CED-0BBC783E4AEF}.Debug|Any CPU.ActiveCfg = Debug|Any CPU
		{EE73865A-0AD5-4332-9CED-0BBC783E4AEF}.Debug|Any CPU.Build.0 = Debug|Any CPU
		{EE73865A-0AD5-4332-9CED-0BBC783E4AEF}.Release|Any CPU.ActiveCfg = Release|Any CPU
		{EE73865A-0AD5-4332-9CED-0BBC783E4AEF}.Release|Any CPU.Build.0 = Release|Any CPU
		{BD073B80-3788-4B33-B11C-2733C6FC25C9}.Debug|Any CPU.ActiveCfg = Debug|Any CPU
		{BD073B80-3788-4B33-B11C-2733C6FC25C9}.Debug|Any CPU.Build.0 = Debug|Any CPU
		{BD073B80-3788-4B33-B11C-2733C6FC25C9}.Release|Any CPU.ActiveCfg = Release|Any CPU
		{BD073B80-3788-4B33-B11C-2733C6FC25C9}.Release|Any CPU.Build.0 = Release|Any CPU
	EndGlobalSection
	GlobalSection(SolutionProperties) = preSolution
		HideSolutionNode = FALSE
	EndGlobalSection
	GlobalSection(ExtensibilityGlobals) = postSolution
		SolutionGuid = {C72B5265-2F7A-49BE-89D8-BA90C5762B8C}
	EndGlobalSection
EndGlobal
